
Microsoft Visual Studio Solution File, Format Version 12.00
# Visual Studio Version 16
VisualStudioVersion = 16.0.31313.79
MinimumVisualStudioVersion = 10.0.40219.1
Project("{FAE04EC0-301F-11D3-BF4B-00C04F79EFBC}") = "PizzaOrderingApplication", "PizzaOrderingApplication.csproj", "{46BB10CE-71A6-4E40-873C-5332855821BA}"
EndProject
Global
	GlobalSection(SolutionConfigurationPlatforms) = preSolution
		Debug|Any CPU = Debug|Any CPU
		Release|Any CPU = Release|Any CPU
	EndGlobalSection
	GlobalSection(ProjectConfigurationPlatforms) = postSolution
		{46BB10CE-71A6-4E40-873C-5332855821BA}.Debug|Any CPU.ActiveCfg = Debug|Any CPU
		{46BB10CE-71A6-4E40-873C-5332855821BA}.Debug|Any CPU.Build.0 = Debug|Any CPU
		{46BB10CE-71A6-4E40-873C-5332855821BA}.Release|Any CPU.ActiveCfg = Release|Any CPU
		{46BB10CE-71A6-4E40-873C-5332855821BA}.Release|Any CPU.Build.0 = Release|Any CPU
	EndGlobalSection
	GlobalSection(SolutionProperties) = preSolution
		HideSolutionNode = FALSE
	EndGlobalSection
	GlobalSection(ExtensibilityGlobals) = postSolution
		SolutionGuid = {FABABD8D-44AC-4999-857C-AAF6D3A25A4B}
	EndGlobalSection
EndGlobal
